{
    "name": "js-vim-node",
    "version": "0.3.3",
    "lockfileVersion": 1,
    "requires": true,
    "dependencies": {
        "chai": {
            "version": "1.6.1",
            "resolved": "https://registry.npmjs.org/chai/-/chai-1.6.1.tgz",
            "integrity": "sha1-rkADWREfuj61OCdbi+DpFFEZsyE="
        },
        "commander": {
            "version": "1.2.0",
            "resolved": "https://registry.npmjs.org/commander/-/commander-1.2.0.tgz",
            "integrity": "sha1-/VcTv6FTx9bMWZN4patMRcU1Ap4=",
            "requires": {
                "keypress": "0.1.0"
            }
        },
        "diff_match_patch": {
            "version": "0.1.1",
            "resolved": "https://registry.npmjs.org/diff_match_patch/-/diff_match_patch-0.1.1.tgz",
            "integrity": "sha1-0/FNW3b7S1qc9EcGJh2ttb2X7bw="
        },
        "get-set": {
            "version": "0.1.0",
            "resolved": "https://registry.npmjs.org/get-set/-/get-set-0.1.0.tgz",
            "integrity": "sha1-O7uuLO9dTbndv8qLO2HULBzKoww="
        },
        "js-csi": {
            "version": "1.0.2",
            "resolved": "https://registry.npmjs.org/js-csi/-/js-csi-1.0.2.tgz",
            "integrity": "sha1-/4SgAKG08tlHn3qGUxHFZny0dCo="
        },
        "js-vim": {
            "version": "0.4.2",
            "resolved": "https://registry.npmjs.org/js-vim/-/js-vim-0.4.2.tgz",
            "integrity": "sha1-/7CC4DkZ7qPXeU1a48t73GuI4g0=",
            "requires": {
                "diff_match_patch": "0.1.1",
                "get-set": "0.1.0",
                "js-vim-command": "0.6.0",
                "mauve": "1.1.2",
                "underscore": "1.4.4"
            }
        },
        "js-vim-command": {
            "version": "0.6.0",
            "resolved": "https://registry.npmjs.org/js-vim-command/-/js-vim-command-0.6.0.tgz",
            "integrity": "sha1-7Rmd/cP0jHWW33aetgFhJTkDQYs="
        },
        "keypress": {
            "version": "0.1.0",
            "resolved": "https://registry.npmjs.org/keypress/-/keypress-0.1.0.tgz",
            "integrity": "sha1-SjGI1CkbZrT2XtuZ+AaqmuKTWSo="
        },
        "mauve": {
            "version": "1.1.2",
            "resolved": "https://registry.npmjs.org/mauve/-/mauve-1.1.2.tgz",
            "integrity": "sha1-PFHLquEa9VmNhf/NclPwJyC5j8g=",
            "requires": {
                "rgb": "0.0.1",
                "x256": "https://github.com/itsjoesullivan/node-x256/archive/master.tar.gz"
            }
        },
        "rgb": {
            "version": "0.0.1",
            "resolved": "https://registry.npmjs.org/rgb/-/rgb-0.0.1.tgz",
            "integrity": "sha1-Gd/MjRoUQ2M9VJcjOMHVgVtVbAk="
        },
        "terminal-diff": {
            "version": "1.0.0",
            "resolved": "https://registry.npmjs.org/terminal-diff/-/terminal-diff-1.0.0.tgz",
            "integrity": "sha1-ETic0U/vLS5TDz/3NILFS1lT000=",
            "requires": {
                "underscore": "1.4.4"
            }
        },
        "terminal-keys": {
            "version": "0.1.4",
            "resolved": "https://registry.npmjs.org/terminal-keys/-/terminal-keys-0.1.4.tgz",
            "integrity": "sha1-LtObwC0NwSi5tG/L35oOnj7sc5w=",
            "requires": {
                "chai": "1.6.1",
                "keypress": "0.1.0"
            }
        },
        "terminal-ui": {
            "version": "1.0.3",
            "resolved": "https://registry.npmjs.org/terminal-ui/-/terminal-ui-1.0.3.tgz",
            "integrity": "sha1-oqMz6ipr67NAFreTZhFMPvwDKpM=",
            "requires": {
                "js-csi": "1.0.2",
                "terminal-diff": "1.0.0"
            }
        },
        "underscore": {
            "version": "1.4.4",
            "resolved": "https://registry.npmjs.org/underscore/-/underscore-1.4.4.tgz",
            "integrity": "sha1-YaajIBBiKvoHljvzJSA88SI51gQ="
        },
        "x256": {
            "version": "https://github.com/itsjoesullivan/node-x256/archive/master.tar.gz",
            "integrity": "sha1-8VSrcuJqSqbesKPfnJAzuMG96KI="
        }
    }
}
